{
	"name": "demo-template",
	"version": "0.0.1",
	"lockfileVersion": 2,
	"requires": true,
	"packages": {
		"": {
			"name": "demo-template",
			"version": "0.0.1",
			"license": "MIT",
			"dependencies": {
				"@chadkluck/cache-data": "^1.0.11"
			}
		},
		"node_modules/@chadkluck/cache-data": {
			"version": "1.0.11",
			"resolved": "https://registry.npmjs.org/@chadkluck/cache-data/-/cache-data-1.0.11.tgz",
			"integrity": "sha512-aZGw8FE4NGSoGOdoKamktE/4sC8vjR//AbbX0xgLnrwVu1czLfgqXgGOoAaU+QOgbfcOaWF8KVittSeB3gX1Cw==",
			"dependencies": {
				"moment-timezone": "^0.5.34",
				"object-hash": "^2.2.0"
			},
			"engines": {
				"node": "*"
			}
		},
		"node_modules/moment": {
			"version": "2.29.4",
			"resolved": "https://registry.npmjs.org/moment/-/moment-2.29.4.tgz",
			"integrity": "sha512-5LC9SOxjSc2HF6vO2CyuTDNivEdoz2IvyJJGj6X8DJ0eFyfszE0QiEd+iXmBvUP3WHxSjFH/vIsA0EN00cgr8w==",
			"engines": {
				"node": "*"
			}
		},
		"node_modules/moment-timezone": {
			"version": "0.5.34",
			"resolved": "https://registry.npmjs.org/moment-timezone/-/moment-timezone-0.5.34.tgz",
			"integrity": "sha512-3zAEHh2hKUs3EXLESx/wsgw6IQdusOT8Bxm3D9UrHPQR7zlMmzwybC8zHEM1tQ4LJwP7fcxrWr8tuBg05fFCbg==",
			"dependencies": {
				"moment": ">= 2.9.0"
			},
			"engines": {
				"node": "*"
			}
		},
		"node_modules/object-hash": {
			"version": "2.2.0",
			"resolved": "https://registry.npmjs.org/object-hash/-/object-hash-2.2.0.tgz",
			"integrity": "sha1-WtUYWB7vxEO9djRyuP8unCwNVKU=",
			"engines": {
				"node": ">= 6"
			}
		}
	},
	"dependencies": {
		"@chadkluck/cache-data": {
			"version": "1.0.11",
			"resolved": "https://registry.npmjs.org/@chadkluck/cache-data/-/cache-data-1.0.11.tgz",
			"integrity": "sha512-aZGw8FE4NGSoGOdoKamktE/4sC8vjR//AbbX0xgLnrwVu1czLfgqXgGOoAaU+QOgbfcOaWF8KVittSeB3gX1Cw==",
			"requires": {
				"moment-timezone": "^0.5.34",
				"object-hash": "^2.2.0"
			}
		},
		"moment": {
			"version": "2.29.4",
			"resolved": "https://registry.npmjs.org/moment/-/moment-2.29.4.tgz",
			"integrity": "sha512-5LC9SOxjSc2HF6vO2CyuTDNivEdoz2IvyJJGj6X8DJ0eFyfszE0QiEd+iXmBvUP3WHxSjFH/vIsA0EN00cgr8w=="
		},
		"moment-timezone": {
			"version": "0.5.34",
			"resolved": "https://registry.npmjs.org/moment-timezone/-/moment-timezone-0.5.34.tgz",
			"integrity": "sha512-3zAEHh2hKUs3EXLESx/wsgw6IQdusOT8Bxm3D9UrHPQR7zlMmzwybC8zHEM1tQ4LJwP7fcxrWr8tuBg05fFCbg==",
			"requires": {
				"moment": ">= 2.9.0"
			}
		},
		"object-hash": {
			"version": "2.2.0",
			"resolved": "https://registry.npmjs.org/object-hash/-/object-hash-2.2.0.tgz",
			"integrity": "sha1-WtUYWB7vxEO9djRyuP8unCwNVKU="
		}
	}
}
