{
	"name": "demo-template",
	"version": "0.0.1",
	"lockfileVersion": 2,
	"requires": true,
	"packages": {
		"": {
			"name": "demo-template",
			"version": "0.0.1",
			"license": "MIT",
			"dependencies": {
				"@chadkluck/cache-data": "^1.0.18"
			}
		},
		"node_modules/@chadkluck/cache-data": {
			"version": "1.0.18",
			"resolved": "https://registry.npmjs.org/@chadkluck/cache-data/-/cache-data-1.0.18.tgz",
			"integrity": "sha512-bZ4yxZPqchbiob2I2PS+Zdt+9Z5KDcojIUebX4PhFUiDw9Les6mRQUfNGvlqEI69YEpX+aeCJyzzk2D5PkU8/A==",
			"dependencies": {
				"moment-timezone": "^0.5.37",
				"object-hash": "^3.0.0"
			},
			"engines": {
				"node": "*"
			}
		},
		"node_modules/moment": {
			"version": "2.29.4",
			"resolved": "https://registry.npmjs.org/moment/-/moment-2.29.4.tgz",
			"integrity": "sha512-5LC9SOxjSc2HF6vO2CyuTDNivEdoz2IvyJJGj6X8DJ0eFyfszE0QiEd+iXmBvUP3WHxSjFH/vIsA0EN00cgr8w==",
			"engines": {
				"node": "*"
			}
		},
		"node_modules/moment-timezone": {
			"version": "0.5.37",
			"resolved": "https://registry.npmjs.org/moment-timezone/-/moment-timezone-0.5.37.tgz",
			"integrity": "sha512-uEDzDNFhfaywRl+vwXxffjjq1q0Vzr+fcQpQ1bU0kbzorfS7zVtZnCnGc8mhWmF39d4g4YriF6kwA75mJKE/Zg==",
			"dependencies": {
				"moment": ">= 2.9.0"
			},
			"engines": {
				"node": "*"
			}
		},
		"node_modules/object-hash": {
			"version": "3.0.0",
			"resolved": "https://registry.npmjs.org/object-hash/-/object-hash-3.0.0.tgz",
			"integrity": "sha512-RSn9F68PjH9HqtltsSnqYC1XXoWe9Bju5+213R98cNGttag9q9yAOTzdbsqvIa7aNm5WffBZFpWYr2aWrklWAw==",
			"engines": {
				"node": ">= 6"
			}
		}
	},
	"dependencies": {
		"@chadkluck/cache-data": {
			"version": "1.0.18",
			"resolved": "https://registry.npmjs.org/@chadkluck/cache-data/-/cache-data-1.0.18.tgz",
			"integrity": "sha512-bZ4yxZPqchbiob2I2PS+Zdt+9Z5KDcojIUebX4PhFUiDw9Les6mRQUfNGvlqEI69YEpX+aeCJyzzk2D5PkU8/A==",
			"requires": {
				"moment-timezone": "^0.5.37",
				"object-hash": "^3.0.0"
			}
		},
		"moment": {
			"version": "2.29.4",
			"resolved": "https://registry.npmjs.org/moment/-/moment-2.29.4.tgz",
			"integrity": "sha512-5LC9SOxjSc2HF6vO2CyuTDNivEdoz2IvyJJGj6X8DJ0eFyfszE0QiEd+iXmBvUP3WHxSjFH/vIsA0EN00cgr8w=="
		},
		"moment-timezone": {
			"version": "0.5.37",
			"resolved": "https://registry.npmjs.org/moment-timezone/-/moment-timezone-0.5.37.tgz",
			"integrity": "sha512-uEDzDNFhfaywRl+vwXxffjjq1q0Vzr+fcQpQ1bU0kbzorfS7zVtZnCnGc8mhWmF39d4g4YriF6kwA75mJKE/Zg==",
			"requires": {
				"moment": ">= 2.9.0"
			}
		},
		"object-hash": {
			"version": "3.0.0",
			"resolved": "https://registry.npmjs.org/object-hash/-/object-hash-3.0.0.tgz",
			"integrity": "sha512-RSn9F68PjH9HqtltsSnqYC1XXoWe9Bju5+213R98cNGttag9q9yAOTzdbsqvIa7aNm5WffBZFpWYr2aWrklWAw=="
		}
	}
}
